<?xml version="1.0" encoding="utf-8"?>
<Project ToolsVersion="4.0" xmlns="http://schemas.microsoft.com/developer/msbuild/2003">
  <ItemGroup>
    <Filter Include="Source Files">
      <UniqueIdentifier>{4FC737F1-C7A5-4376-A066-2A32D752A2FF}</UniqueIdentifier>
      <Extensions>cpp;c;cc;cxx;def;odl;idl;hpj;bat;asm;asmx</Extensions>
    </Filter>
    <Filter Include="Header Files">
      <UniqueIdentifier>{93995380-89BD-4b04-88EB-625FBE52EBFB}</UniqueIdentifier>
      <Extensions>h;hh;hpp;hxx;hm;inl;inc;xsd</Extensions>
    </Filter>
    <Filter Include="Resource Files">
      <UniqueIdentifier>{67DA6AB6-F800-4c08-8B7A-83BB121AAD01}</UniqueIdentifier>
      <Extensions>rc;ico;cur;bmp;dlg;rc2;rct;bin;rgs;gif;jpg;jpeg;jpe;resx;tiff;tif;png;wav;mfcribbon-ms</Extensions>
    </Filter>
    <Filter Include="Source Files\headers">
      <UniqueIdentifier>{8f15ec8e-104e-4229-8afa-3649e9f7af30}</UniqueIdentifier>
    </Filter>
    <Filter Include="Source Files\src">
      <UniqueIdentifier>{7def897a-1efd-47c4-b1ee-45f99c3af8f7}</UniqueIdentifier>
    </Filter>
    <Filter Include="Source Files\headers\Authentication">
      <UniqueIdentifier>{e4268deb-6529-4b1c-8095-2b9df8e8bd69}</UniqueIdentifier>
    </Filter>
    <Filter Include="Source Files\src\Authentication">
      <UniqueIdentifier>{8aea7c6c-0bba-4f2d-9d3e-5b774b46ac1e}</UniqueIdentifier>
    </Filter>
    <Filter Include="Source Files\headers\Data">
      <UniqueIdentifier>{8eabc5f6-1590-4839-9a86-164a9cbd35e8}</UniqueIdentifier>
    </Filter>
    <Filter Include="Source Files\src\Data">
      <UniqueIdentifier>{cd0934b8-ffc1-4e88-82b5-9dfac1c5a1f5}</UniqueIdentifier>
    </Filter>
  </ItemGroup>
  <ItemGroup>
    <Text Include="ReadMe.txt" />
  </ItemGroup>
  <ItemGroup>
    <ClInclude Include="stdafx.h">
      <Filter>Header Files</Filter>
    </ClInclude>
    <ClInclude Include="targetver.h">
      <Filter>Header Files</Filter>
    </ClInclude>
    <ClInclude Include="Logger.h">
      <Filter>Source Files\headers</Filter>
    </ClInclude>
    <ClInclude Include="CustomExceptions.h">
      <Filter>Source Files\headers</Filter>
    </ClInclude>
    <ClInclude Include="Furniture.h">
      <Filter>Source Files\headers</Filter>
    </ClInclude>
    <ClInclude Include="Table.h">
      <Filter>Source Files\headers</Filter>
    </ClInclude>
    <ClInclude Include="User.h">
      <Filter>Source Files\headers</Filter>
    </ClInclude>
    <ClInclude Include="Authenticator.h">
      <Filter>Source Files\headers\Authentication</Filter>
    </ClInclude>
    <ClInclude Include="FileService.h">
      <Filter>Source Files\headers\Data</Filter>
    </ClInclude>
    <ClInclude Include="SingleLineReader.h">
      <Filter>Source Files\headers\Data</Filter>
    </ClInclude>
  </ItemGroup>
  <ItemGroup>
    <ClCompile Include="stdafx.cpp">
      <Filter>Source Files</Filter>
    </ClCompile>
    <ClCompile Include="ProgrammingUnit.cpp">
      <Filter>Source Files</Filter>
    </ClCompile>
    <ClCompile Include="Logger.cpp">
      <Filter>Source Files\src</Filter>
    </ClCompile>
    <ClCompile Include="NotFoundException.cpp">
      <Filter>Source Files\src</Filter>
    </ClCompile>
    <ClCompile Include="Furniture.cpp">
      <Filter>Source Files\src</Filter>
    </ClCompile>
    <ClCompile Include="Table.cpp">
      <Filter>Source Files\src</Filter>
    </ClCompile>
    <ClCompile Include="User.cpp">
      <Filter>Source Files\src</Filter>
    </ClCompile>
    <ClCompile Include="Authenticator.cpp">
      <Filter>Source Files\src\Authentication</Filter>
    </ClCompile>
    <ClCompile Include="FileService.cpp">
      <Filter>Source Files\src\Data</Filter>
    </ClCompile>
    <ClCompile Include="SingleLineReader.cpp">
      <Filter>Source Files\src\Data</Filter>
    </ClCompile>
  </ItemGroup>
</Project>